
Microsoft Visual Studio Solution File, Format Version 12.00
# Visual Studio 14
VisualStudioVersion = 14.0.24720.0
MinimumVisualStudioVersion = 10.0.40219.1
Project("{888888A0-9F3D-457C-B088-3A5042F75D52}") = "NetflixProject", "NetflixProject\NetflixProject.pyproj", "{0E161EBF-45ED-4B0C-A80D-BCCB0D0BAB99}"
EndProject
Global
	GlobalSection(SolutionConfigurationPlatforms) = preSolution
		Debug|Any CPU = Debug|Any CPU
		Release|Any CPU = Release|Any CPU
	EndGlobalSection
	GlobalSection(ProjectConfigurationPlatforms) = postSolution
		{0E161EBF-45ED-4B0C-A80D-BCCB0D0BAB99}.Debug|Any CPU.ActiveCfg = Debug|Any CPU
		{0E161EBF-45ED-4B0C-A80D-BCCB0D0BAB99}.Release|Any CPU.ActiveCfg = Release|Any CPU
	EndGlobalSection
	GlobalSection(SolutionProperties) = preSolution
		HideSolutionNode = FALSE
	EndGlobalSection
EndGlobal
